
Microsoft Visual Studio Solution File, Format Version 12.00
# Visual Studio 14
VisualStudioVersion = 14.0.25420.1
MinimumVisualStudioVersion = 10.0.40219.1
Project("{FAE04EC0-301F-11D3-BF4B-00C04F79EFBC}") = "ChatServer", "ChatServer\ChatServer.csproj", "{813C66C6-5F48-4F91-BBED-87822E5E661E}"
EndProject
Project("{FAE04EC0-301F-11D3-BF4B-00C04F79EFBC}") = "ChatInterfaces", "ChatInterfaces\ChatInterfaces.csproj", "{0FD358B6-1944-4FD2-A84B-30E9C73711BB}"
EndProject
Project("{FAE04EC0-301F-11D3-BF4B-00C04F79EFBC}") = "ChatClient", "ChatClient\ChatClient.csproj", "{C94969B7-D960-473A-8509-4C3808A9BCB4}"
EndProject
Global
	GlobalSection(SolutionConfigurationPlatforms) = preSolution
		Debug|Any CPU = Debug|Any CPU
		Release|Any CPU = Release|Any CPU
	EndGlobalSection
	GlobalSection(ProjectConfigurationPlatforms) = postSolution
		{813C66C6-5F48-4F91-BBED-87822E5E661E}.Debug|Any CPU.ActiveCfg = Debug|Any CPU
		{813C66C6-5F48-4F91-BBED-87822E5E661E}.Debug|Any CPU.Build.0 = Debug|Any CPU
		{813C66C6-5F48-4F91-BBED-87822E5E661E}.Release|Any CPU.ActiveCfg = Release|Any CPU
		{813C66C6-5F48-4F91-BBED-87822E5E661E}.Release|Any CPU.Build.0 = Release|Any CPU
		{0FD358B6-1944-4FD2-A84B-30E9C73711BB}.Debug|Any CPU.ActiveCfg = Debug|Any CPU
		{0FD358B6-1944-4FD2-A84B-30E9C73711BB}.Debug|Any CPU.Build.0 = Debug|Any CPU
		{0FD358B6-1944-4FD2-A84B-30E9C73711BB}.Release|Any CPU.ActiveCfg = Release|Any CPU
		{0FD358B6-1944-4FD2-A84B-30E9C73711BB}.Release|Any CPU.Build.0 = Release|Any CPU
		{C94969B7-D960-473A-8509-4C3808A9BCB4}.Debug|Any CPU.ActiveCfg = Debug|Any CPU
		{C94969B7-D960-473A-8509-4C3808A9BCB4}.Debug|Any CPU.Build.0 = Debug|Any CPU
		{C94969B7-D960-473A-8509-4C3808A9BCB4}.Release|Any CPU.ActiveCfg = Release|Any CPU
		{C94969B7-D960-473A-8509-4C3808A9BCB4}.Release|Any CPU.Build.0 = Release|Any CPU
	EndGlobalSection
	GlobalSection(SolutionProperties) = preSolution
		HideSolutionNode = FALSE
	EndGlobalSection
EndGlobal
